# This is a Gradle generated file for dependency locking.
# Manual edits can break the build and are not advised.
# This file is expected to be part of source control.
empty=androidTestUtil,coreLibraryDesugaring,debugAndroidTestAnnotationProcessorClasspath,debugAndroidTestRuntimeClasspath,debugAnnotationProcessorClasspath,debugReverseMetadataValues,debugUnitTestAnnotationProcessorClasspath,debugWearBundling,lintChecks,lintPublish,profileAnnotationProcessorClasspath,profileReverseMetadataValues,profileUnitTestAnnotationProcessorClasspath,profileWearBundling,releaseAnnotationProcessorClasspath,releaseReverseMetadataValues,releaseUnitTestAnnotationProcessorClasspath,releaseWearBundling
